PODS:
  - Alamofire (4.0.1)
  - M13Checkbox (2.2.3)

DEPENDENCIES:
  - Alamofire (~> 4.0)
  - M13Checkbox

SPEC CHECKSUMS:
  Alamofire: 7682d43245de14874acd142ec137b144aa1dd335
  M13Checkbox: 1761f98cddcc9e020133d963e11a02a1bb0ff6e3

PODFILE CHECKSUM: 2581fef84914d0335eef897a22bd54dd04ba6d44

COCOAPODS: 1.1.1
